{
    "_readme": [
        "This file locks the dependencies of your project to a known state",
        "Read more about it at https://getcomposer.org/doc/01-basic-usage.md#composer-lock-the-lock-file",
        "This file is @generated automatically"
    ],
    "content-hash": "2cb7fe88e2c4209916ae2cef11c07715",
    "packages": [
        {
            "name": "datatrics/php-api",
            "version": "2.0.1",
            "source": {
                "type": "git",
                "url": "https://github.com/Datatrics/php-api.git",
                "reference": "51a044ae6485db7d4be68f6c7ae05039b5a74c27"
            },
            "dist": {
                "type": "zip",
                "url": "https://api.github.com/repos/Datatrics/php-api/zipball/51a044ae6485db7d4be68f6c7ae05039b5a74c27",
                "reference": "51a044ae6485db7d4be68f6c7ae05039b5a74c27",
                "shasum": ""
            },
            "require": {
                "ext-json": "*",
                "php": ">=5.6"
            },
            "require-dev": {
                "codeclimate/php-test-reporter": "@stable",
                "phpmd/phpmd": "@stable",
                "phpunit/php-token-stream": "1.4.*",
                "phpunit/phpunit": "5.7.*",
                "squizlabs/php_codesniffer": "3.1.*"
            },
            "type": "library",
            "autoload": {
                "psr-4": {
                    "Datatrics\\API\\": [
                        "src/",
                        "test/"
                    ]
                }
            },
            "notification-url": "https://packagist.org/downloads/",
            "license": [
                "MIT"
            ],
            "authors": [
                {
                    "name": "Nico Borghuis",
                    "email": "nico@datatrics.com"
                },
                {
                    "name": "Bas Nieland",
                    "email": "bas@datatrics.com"
                },
                {
                    "name": "Pepijn Yben",
                    "email": "pepijn@datatrics.com"
                }
            ],
            "description": "Datattrics API client",
            "keywords": [
                "PHP-API",
                "api",
                "datatrics",
                "datatrics.com",
                "php-sdk"
            ],
            "time": "2017-12-18T09:31:24+00:00"
        },
        {
            "name": "fzaninotto/faker",
            "version": "v1.7.1",
            "source": {
                "type": "git",
                "url": "https://github.com/fzaninotto/Faker.git",
                "reference": "d3ed4cc37051c1ca52d22d76b437d14809fc7e0d"
            },
            "dist": {
                "type": "zip",
                "url": "https://api.github.com/repos/fzaninotto/Faker/zipball/d3ed4cc37051c1ca52d22d76b437d14809fc7e0d",
                "reference": "d3ed4cc37051c1ca52d22d76b437d14809fc7e0d",
                "shasum": ""
            },
            "require": {
                "php": "^5.3.3 || ^7.0"
            },
            "require-dev": {
                "ext-intl": "*",
                "phpunit/phpunit": "^4.0 || ^5.0",
                "squizlabs/php_codesniffer": "^1.5"
            },
            "type": "library",
            "extra": {
                "branch-alias": {
                    "dev-master": "1.8-dev"
                }
            },
            "autoload": {
                "psr-4": {
                    "Faker\\": "src/Faker/"
                }
            },
            "notification-url": "https://packagist.org/downloads/",
            "license": [
                "MIT"
            ],
            "authors": [
                {
                    "name": "François Zaninotto"
                }
            ],
            "description": "Faker is a PHP library that generates fake data for you.",
            "keywords": [
                "data",
                "faker",
                "fixtures"
            ],
            "time": "2017-08-15T16:48:10+00:00"
        }
    ],
    "packages-dev": [],
    "aliases": [],
    "minimum-stability": "stable",
    "stability-flags": [],
    "prefer-stable": false,
    "prefer-lowest": false,
    "platform": [],
    "platform-dev": []
}
